PODS:
  - Alamofire (5.6.4)
  - Loggie (2.4.2):
    - Loggie/URLSession (= 2.4.2)
  - Loggie/Alamofire (2.4.2):
    - Alamofire (~> 5.2)
    - Loggie/Core
  - Loggie/Core (2.4.2)
  - Loggie/URLSession (2.4.2):
    - Loggie/Core

DEPENDENCIES:
  - Loggie (from `../../`)
  - Loggie/Alamofire (from `../../`)

SPEC REPOS:
  trunk:
    - Alamofire

EXTERNAL SOURCES:
  Loggie:
    :path: "../../"

SPEC CHECKSUMS:
  Alamofire: 4e95d97098eacb88856099c4fc79b526a299e48c
  Loggie: 89985c2656c636b15e692665379edb8ecc4886f3

PODFILE CHECKSUM: 0a4acde98567376b8dc74f5701777de99bfaf511

COCOAPODS: 1.11.3
