// !$*UTF8*$!
{
	archiveVersion = 1;
	classes = {
	};
	objectVersion = 51;
	objects = {

/* Begin PBXBuildFile section */
		6073DFFA2543463200AD06DA /* AppDelegate.swift in Sources */ = {isa = PBXBuildFile; fileRef = 6073DFF92543463200AD06DA /* AppDelegate.swift */; };
		6073DFFC2543463200AD06DA /* SceneDelegate.swift in Sources */ = {isa = PBXBuildFile; fileRef = 6073DFFB2543463200AD06DA /* SceneDelegate.swift */; };
		6073E0012543463200AD06DA /* Main.storyboard in Resources */ = {isa = PBXBuildFile; fileRef = 6073DFFF2543463200AD06DA /* Main.storyboard */; };
		6073E0032543463300AD06DA /* Assets.xcassets in Resources */ = {isa = PBXBuildFile; fileRef = 6073E0022543463300AD06DA /* Assets.xcassets */; };
		6073E0062543463300AD06DA /* LaunchScreen.storyboard in Resources */ = {isa = PBXBuildFile; fileRef = 6073E0042543463300AD06DA /* LaunchScreen.storyboard */; };
		60C28ECE2548610000979EBE /* AlamofireExampleViewController.swift in Sources */ = {isa = PBXBuildFile; fileRef = 60C28ECD2548610000979EBE /* AlamofireExampleViewController.swift */; };
		60C28ED52548617800979EBE /* URLSessionExampleViewController.swift in Sources */ = {isa = PBXBuildFile; fileRef = 60C28ED42548617800979EBE /* URLSessionExampleViewController.swift */; };
		60C28EE1254861F200979EBE /* BaseExampleViewController.swift in Sources */ = {isa = PBXBuildFile; fileRef = 60C28EE0254861F200979EBE /* BaseExampleViewController.swift */; };
		60C28F7A2548681D00979EBE /* DataDecoder.swift in Sources */ = {isa = PBXBuildFile; fileRef = 60C28F5F2548681D00979EBE /* DataDecoder.swift */; };
		60C28F7B2548681D00979EBE /* LoggieManager.swift in Sources */ = {isa = PBXBuildFile; fileRef = 60C28F602548681D00979EBE /* LoggieManager.swift */; };
		60C28F7C2548681D00979EBE /* Log.swift in Sources */ = {isa = PBXBuildFile; fileRef = 60C28F612548681D00979EBE /* Log.swift */; };
		60C28F7D2548681D00979EBE /* LogListTableViewCell.swift in Sources */ = {isa = PBXBuildFile; fileRef = 60C28F632548681D00979EBE /* LogListTableViewCell.swift */; };
		60C28F7E2548681D00979EBE /* LogListTableViewCell.xib in Resources */ = {isa = PBXBuildFile; fileRef = 60C28F642548681D00979EBE /* LogListTableViewCell.xib */; };
		60C28F7F2548681D00979EBE /* LogListTableViewController.swift in Sources */ = {isa = PBXBuildFile; fileRef = 60C28F652548681D00979EBE /* LogListTableViewController.swift */; };
		60C28F802548681D00979EBE /* LogDetailsTextTableViewCell.swift in Sources */ = {isa = PBXBuildFile; fileRef = 60C28F682548681D00979EBE /* LogDetailsTextTableViewCell.swift */; };
		60C28F812548681D00979EBE /* LogDetailsImageTableViewCell.swift in Sources */ = {isa = PBXBuildFile; fileRef = 60C28F692548681D00979EBE /* LogDetailsImageTableViewCell.swift */; };
		60C28F822548681D00979EBE /* LogDetailsTableViewCell.swift in Sources */ = {isa = PBXBuildFile; fileRef = 60C28F6A2548681D00979EBE /* LogDetailsTableViewCell.swift */; };
		60C28F832548681D00979EBE /* Log+ResponseDetails.swift in Sources */ = {isa = PBXBuildFile; fileRef = 60C28F6B2548681D00979EBE /* Log+ResponseDetails.swift */; };
		60C28F842548681D00979EBE /* LogDetails.storyboard in Resources */ = {isa = PBXBuildFile; fileRef = 60C28F6C2548681D00979EBE /* LogDetails.storyboard */; };
		60C28F852548681D00979EBE /* Log+OverviewDetails.swift in Sources */ = {isa = PBXBuildFile; fileRef = 60C28F6D2548681D00979EBE /* Log+OverviewDetails.swift */; };
		60C28F862548681D00979EBE /* LogDetailsViewController.swift in Sources */ = {isa = PBXBuildFile; fileRef = 60C28F6E2548681D00979EBE /* LogDetailsViewController.swift */; };
		60C28F872548681D00979EBE /* LogDetailsSection.swift in Sources */ = {isa = PBXBuildFile; fileRef = 60C28F6F2548681D00979EBE /* LogDetailsSection.swift */; };
		60C28F882548681D00979EBE /* Log+RequestDetails.swift in Sources */ = {isa = PBXBuildFile; fileRef = 60C28F702548681D00979EBE /* Log+RequestDetails.swift */; };
		60C28F8A2548681D00979EBE /* BundleExtensions.swift in Sources */ = {isa = PBXBuildFile; fileRef = 60C28F732548681D00979EBE /* BundleExtensions.swift */; };
		60C28F8B2548681D00979EBE /* Data+FormattedJsonString.swift in Sources */ = {isa = PBXBuildFile; fileRef = 60C28F742548681D00979EBE /* Data+FormattedJsonString.swift */; };
		60C28F8C2548681D00979EBE /* URLRequest+Data.swift in Sources */ = {isa = PBXBuildFile; fileRef = 60C28F752548681D00979EBE /* URLRequest+Data.swift */; };
		60C28F8D2548681D00979EBE /* LoggieURLProtocol.swift in Sources */ = {isa = PBXBuildFile; fileRef = 60C28F772548681D00979EBE /* LoggieURLProtocol.swift */; };
		60C28F8E2548681D00979EBE /* EventMonitor.swift in Sources */ = {isa = PBXBuildFile; fileRef = 60C28F792548681D00979EBE /* EventMonitor.swift */; };
		DA370A5158AEC6A63FBAB2DD /* Pods_iOSExample.framework in Frameworks */ = {isa = PBXBuildFile; fileRef = 8F5181ED79B8F9831F167286 /* Pods_iOSExample.framework */; };
/* End PBXBuildFile section */

/* Begin PBXFileReference section */
		6073DFF72543463200AD06DA /* iOSExample.app */ = {isa = PBXFileReference; explicitFileType = wrapper.application; includeInIndex = 0; path = iOSExample.app; sourceTree = BUILT_PRODUCTS_DIR; };
		6073DFF92543463200AD06DA /* AppDelegate.swift */ = {isa = PBXFileReference; lastKnownFileType = sourcecode.swift; path = AppDelegate.swift; sourceTree = "<group>"; };
		6073DFFB2543463200AD06DA /* SceneDelegate.swift */ = {isa = PBXFileReference; lastKnownFileType = sourcecode.swift; path = SceneDelegate.swift; sourceTree = "<group>"; };
		6073E0002543463200AD06DA /* Base */ = {isa = PBXFileReference; lastKnownFileType = file.storyboard; name = Base; path = Base.lproj/Main.storyboard; sourceTree = "<group>"; };
		6073E0022543463300AD06DA /* Assets.xcassets */ = {isa = PBXFileReference; lastKnownFileType = folder.assetcatalog; path = Assets.xcassets; sourceTree = "<group>"; };
		6073E0052543463300AD06DA /* Base */ = {isa = PBXFileReference; lastKnownFileType = file.storyboard; name = Base; path = Base.lproj/LaunchScreen.storyboard; sourceTree = "<group>"; };
		6073E0072543463300AD06DA /* Info.plist */ = {isa = PBXFileReference; lastKnownFileType = text.plist.xml; path = Info.plist; sourceTree = "<group>"; };
		60C28ECD2548610000979EBE /* AlamofireExampleViewController.swift */ = {isa = PBXFileReference; lastKnownFileType = sourcecode.swift; path = AlamofireExampleViewController.swift; sourceTree = "<group>"; };
		60C28ED42548617800979EBE /* URLSessionExampleViewController.swift */ = {isa = PBXFileReference; lastKnownFileType = sourcecode.swift; path = URLSessionExampleViewController.swift; sourceTree = "<group>"; };
		60C28EE0254861F200979EBE /* BaseExampleViewController.swift */ = {isa = PBXFileReference; lastKnownFileType = sourcecode.swift; path = BaseExampleViewController.swift; sourceTree = "<group>"; };
		60C28F5F2548681D00979EBE /* DataDecoder.swift */ = {isa = PBXFileReference; fileEncoding = 4; lastKnownFileType = sourcecode.swift; path = DataDecoder.swift; sourceTree = "<group>"; };
		60C28F602548681D00979EBE /* LoggieManager.swift */ = {isa = PBXFileReference; fileEncoding = 4; lastKnownFileType = sourcecode.swift; path = LoggieManager.swift; sourceTree = "<group>"; };
		60C28F612548681D00979EBE /* Log.swift */ = {isa = PBXFileReference; fileEncoding = 4; lastKnownFileType = sourcecode.swift; path = Log.swift; sourceTree = "<group>"; };
		60C28F632548681D00979EBE /* LogListTableViewCell.swift */ = {isa = PBXFileReference; fileEncoding = 4; lastKnownFileType = sourcecode.swift; path = LogListTableViewCell.swift; sourceTree = "<group>"; };
		60C28F642548681D00979EBE /* LogListTableViewCell.xib */ = {isa = PBXFileReference; fileEncoding = 4; lastKnownFileType = file.xib; path = LogListTableViewCell.xib; sourceTree = "<group>"; };
		60C28F652548681D00979EBE /* LogListTableViewController.swift */ = {isa = PBXFileReference; fileEncoding = 4; lastKnownFileType = sourcecode.swift; path = LogListTableViewController.swift; sourceTree = "<group>"; };
		60C28F682548681D00979EBE /* LogDetailsTextTableViewCell.swift */ = {isa = PBXFileReference; fileEncoding = 4; lastKnownFileType = sourcecode.swift; path = LogDetailsTextTableViewCell.swift; sourceTree = "<group>"; };
		60C28F692548681D00979EBE /* LogDetailsImageTableViewCell.swift */ = {isa = PBXFileReference; fileEncoding = 4; lastKnownFileType = sourcecode.swift; path = LogDetailsImageTableViewCell.swift; sourceTree = "<group>"; };
		60C28F6A2548681D00979EBE /* LogDetailsTableViewCell.swift */ = {isa = PBXFileReference; fileEncoding = 4; lastKnownFileType = sourcecode.swift; path = LogDetailsTableViewCell.swift; sourceTree = "<group>"; };
		60C28F6B2548681D00979EBE /* Log+ResponseDetails.swift */ = {isa = PBXFileReference; fileEncoding = 4; lastKnownFileType = sourcecode.swift; path = "Log+ResponseDetails.swift"; sourceTree = "<group>"; };
		60C28F6C2548681D00979EBE /* LogDetails.storyboard */ = {isa = PBXFileReference; fileEncoding = 4; lastKnownFileType = file.storyboard; path = LogDetails.storyboard; sourceTree = "<group>"; };
		60C28F6D2548681D00979EBE /* Log+OverviewDetails.swift */ = {isa = PBXFileReference; fileEncoding = 4; lastKnownFileType = sourcecode.swift; path = "Log+OverviewDetails.swift"; sourceTree = "<group>"; };
		60C28F6E2548681D00979EBE /* LogDetailsViewController.swift */ = {isa = PBXFileReference; fileEncoding = 4; lastKnownFileType = sourcecode.swift; path = LogDetailsViewController.swift; sourceTree = "<group>"; };
		60C28F6F2548681D00979EBE /* LogDetailsSection.swift */ = {isa = PBXFileReference; fileEncoding = 4; lastKnownFileType = sourcecode.swift; path = LogDetailsSection.swift; sourceTree = "<group>"; };
		60C28F702548681D00979EBE /* Log+RequestDetails.swift */ = {isa = PBXFileReference; fileEncoding = 4; lastKnownFileType = sourcecode.swift; path = "Log+RequestDetails.swift"; sourceTree = "<group>"; };
		60C28F732548681D00979EBE /* BundleExtensions.swift */ = {isa = PBXFileReference; fileEncoding = 4; lastKnownFileType = sourcecode.swift; path = BundleExtensions.swift; sourceTree = "<group>"; };
		60C28F742548681D00979EBE /* Data+FormattedJsonString.swift */ = {isa = PBXFileReference; fileEncoding = 4; lastKnownFileType = sourcecode.swift; path = "Data+FormattedJsonString.swift"; sourceTree = "<group>"; };
		60C28F752548681D00979EBE /* URLRequest+Data.swift */ = {isa = PBXFileReference; fileEncoding = 4; lastKnownFileType = sourcecode.swift; path = "URLRequest+Data.swift"; sourceTree = "<group>"; };
		60C28F772548681D00979EBE /* LoggieURLProtocol.swift */ = {isa = PBXFileReference; fileEncoding = 4; lastKnownFileType = sourcecode.swift; path = LoggieURLProtocol.swift; sourceTree = "<group>"; };
		60C28F792548681D00979EBE /* EventMonitor.swift */ = {isa = PBXFileReference; fileEncoding = 4; lastKnownFileType = sourcecode.swift; path = EventMonitor.swift; sourceTree = "<group>"; };
		6E6003CE72BEB344355671CC /* Pods-LoggieAlamofire.debug.xcconfig */ = {isa = PBXFileReference; includeInIndex = 1; lastKnownFileType = text.xcconfig; name = "Pods-LoggieAlamofire.debug.xcconfig"; path = "Target Support Files/Pods-LoggieAlamofire/Pods-LoggieAlamofire.debug.xcconfig"; sourceTree = "<group>"; };
		87083BFE7824D6A96D569E08 /* Pods_LoggieAlamofire.framework */ = {isa = PBXFileReference; explicitFileType = wrapper.framework; includeInIndex = 0; path = Pods_LoggieAlamofire.framework; sourceTree = BUILT_PRODUCTS_DIR; };
		8F5181ED79B8F9831F167286 /* Pods_iOSExample.framework */ = {isa = PBXFileReference; explicitFileType = wrapper.framework; includeInIndex = 0; path = Pods_iOSExample.framework; sourceTree = BUILT_PRODUCTS_DIR; };
		BEDEDB6DBF77C59D3AFC28F1 /* Pods-iOSExample.debug.xcconfig */ = {isa = PBXFileReference; includeInIndex = 1; lastKnownFileType = text.xcconfig; name = "Pods-iOSExample.debug.xcconfig"; path = "Target Support Files/Pods-iOSExample/Pods-iOSExample.debug.xcconfig"; sourceTree = "<group>"; };
		CC2FB108141BEA675011125B /* Pods-LoggieAlamofire.release.xcconfig */ = {isa = PBXFileReference; includeInIndex = 1; lastKnownFileType = text.xcconfig; name = "Pods-LoggieAlamofire.release.xcconfig"; path = "Target Support Files/Pods-LoggieAlamofire/Pods-LoggieAlamofire.release.xcconfig"; sourceTree = "<group>"; };
		F0DD33030211B2994EB6F992 /* Pods-iOSExample.release.xcconfig */ = {isa = PBXFileReference; includeInIndex = 1; lastKnownFileType = text.xcconfig; name = "Pods-iOSExample.release.xcconfig"; path = "Target Support Files/Pods-iOSExample/Pods-iOSExample.release.xcconfig"; sourceTree = "<group>"; };
/* End PBXFileReference section */

/* Begin PBXFrameworksBuildPhase section */
		6073DFF42543463200AD06DA /* Frameworks */ = {
			isa = PBXFrameworksBuildPhase;
			buildActionMask = 2147483647;
			files = (
				DA370A5158AEC6A63FBAB2DD /* Pods_iOSExample.framework in Frameworks */,
			);
			runOnlyForDeploymentPostprocessing = 0;
		};
/* End PBXFrameworksBuildPhase section */

/* Begin PBXGroup section */
		395F5FE90D1E597531F03F24 /* Frameworks */ = {
			isa = PBXGroup;
			children = (
				87083BFE7824D6A96D569E08 /* Pods_LoggieAlamofire.framework */,
				8F5181ED79B8F9831F167286 /* Pods_iOSExample.framework */,
			);
			name = Frameworks;
			sourceTree = "<group>";
		};
		60345CDA254306DB00E24BD4 = {
			isa = PBXGroup;
			children = (
				6073DFF82543463200AD06DA /* iOSExample */,
				60345CE5254306DB00E24BD4 /* Products */,
				6F242830E1C2DF382D8E5535 /* Pods */,
				395F5FE90D1E597531F03F24 /* Frameworks */,
			);
			sourceTree = "<group>";
		};
		60345CE5254306DB00E24BD4 /* Products */ = {
			isa = PBXGroup;
			children = (
				6073DFF72543463200AD06DA /* iOSExample.app */,
			);
			name = Products;
			sourceTree = "<group>";
		};
		6073DFF82543463200AD06DA /* iOSExample */ = {
			isa = PBXGroup;
			children = (
				60C28F5D2548681D00979EBE /* Source */,
				6073DFF92543463200AD06DA /* AppDelegate.swift */,
				6073DFFB2543463200AD06DA /* SceneDelegate.swift */,
				60C28EE0254861F200979EBE /* BaseExampleViewController.swift */,
				60C28ED42548617800979EBE /* URLSessionExampleViewController.swift */,
				60C28ECD2548610000979EBE /* AlamofireExampleViewController.swift */,
				6073DFFF2543463200AD06DA /* Main.storyboard */,
				6073E0022543463300AD06DA /* Assets.xcassets */,
				6073E0042543463300AD06DA /* LaunchScreen.storyboard */,
				6073E0072543463300AD06DA /* Info.plist */,
			);
			path = iOSExample;
			sourceTree = "<group>";
		};
		60C28F5D2548681D00979EBE /* Source */ = {
			isa = PBXGroup;
			children = (
				60C28F5E2548681D00979EBE /* Core */,
				60C28F762548681D00979EBE /* URLSession */,
				60C28F782548681D00979EBE /* LoggieAlamofire */,
			);
			name = Source;
			path = ../../Source;
			sourceTree = "<group>";
		};
		60C28F5E2548681D00979EBE /* Core */ = {
			isa = PBXGroup;
			children = (
				60C28F5F2548681D00979EBE /* DataDecoder.swift */,
				60C28F602548681D00979EBE /* LoggieManager.swift */,
				60C28F612548681D00979EBE /* Log.swift */,
				60C28F622548681D00979EBE /* LogList */,
				60C28F662548681D00979EBE /* LogDetails */,
				60C28F712548681D00979EBE /* Utility */,
			);
			path = Core;
			sourceTree = "<group>";
		};
		60C28F622548681D00979EBE /* LogList */ = {
			isa = PBXGroup;
			children = (
				60C28F632548681D00979EBE /* LogListTableViewCell.swift */,
				60C28F642548681D00979EBE /* LogListTableViewCell.xib */,
				60C28F652548681D00979EBE /* LogListTableViewController.swift */,
			);
			path = LogList;
			sourceTree = "<group>";
		};
		60C28F662548681D00979EBE /* LogDetails */ = {
			isa = PBXGroup;
			children = (
				60C28F672548681D00979EBE /* Cells */,
				60C28F6B2548681D00979EBE /* Log+ResponseDetails.swift */,
				60C28F6C2548681D00979EBE /* LogDetails.storyboard */,
				60C28F6D2548681D00979EBE /* Log+OverviewDetails.swift */,
				60C28F6E2548681D00979EBE /* LogDetailsViewController.swift */,
				60C28F6F2548681D00979EBE /* LogDetailsSection.swift */,
				60C28F702548681D00979EBE /* Log+RequestDetails.swift */,
			);
			path = LogDetails;
			sourceTree = "<group>";
		};
		60C28F672548681D00979EBE /* Cells */ = {
			isa = PBXGroup;
			children = (
				60C28F682548681D00979EBE /* LogDetailsTextTableViewCell.swift */,
				60C28F692548681D00979EBE /* LogDetailsImageTableViewCell.swift */,
				60C28F6A2548681D00979EBE /* LogDetailsTableViewCell.swift */,
			);
			path = Cells;
			sourceTree = "<group>";
		};
		60C28F712548681D00979EBE /* Utility */ = {
			isa = PBXGroup;
			children = (
				60C28F732548681D00979EBE /* BundleExtensions.swift */,
				60C28F742548681D00979EBE /* Data+FormattedJsonString.swift */,
				60C28F752548681D00979EBE /* URLRequest+Data.swift */,
			);
			path = Utility;
			sourceTree = "<group>";
		};
		60C28F762548681D00979EBE /* URLSession */ = {
			isa = PBXGroup;
			children = (
				60C28F772548681D00979EBE /* LoggieURLProtocol.swift */,
			);
			path = URLSession;
			sourceTree = "<group>";
		};
		60C28F782548681D00979EBE /* LoggieAlamofire */ = {
			isa = PBXGroup;
			children = (
				60C28F792548681D00979EBE /* EventMonitor.swift */,
			);
			path = LoggieAlamofire;
			sourceTree = "<group>";
		};
		6F242830E1C2DF382D8E5535 /* Pods */ = {
			isa = PBXGroup;
			children = (
				6E6003CE72BEB344355671CC /* Pods-LoggieAlamofire.debug.xcconfig */,
				CC2FB108141BEA675011125B /* Pods-LoggieAlamofire.release.xcconfig */,
				BEDEDB6DBF77C59D3AFC28F1 /* Pods-iOSExample.debug.xcconfig */,
				F0DD33030211B2994EB6F992 /* Pods-iOSExample.release.xcconfig */,
			);
			path = Pods;
			sourceTree = "<group>";
		};
/* End PBXGroup section */

/* Begin PBXNativeTarget section */
		6073DFF62543463200AD06DA /* iOSExample */ = {
			isa = PBXNativeTarget;
			buildConfigurationList = 6073E0082543463300AD06DA /* Build configuration list for PBXNativeTarget "iOSExample" */;
			buildPhases = (
				3D1C1145912648569D77E9FA /* [CP] Check Pods Manifest.lock */,
				6073DFF32543463200AD06DA /* Sources */,
				6073DFF42543463200AD06DA /* Frameworks */,
				6073DFF52543463200AD06DA /* Resources */,
				060BF417B7E2FBC14D30B2C6 /* [CP] Embed Pods Frameworks */,
			);
			buildRules = (
			);
			dependencies = (
			);
			name = iOSExample;
			productName = iOSExample;
			productReference = 6073DFF72543463200AD06DA /* iOSExample.app */;
			productType = "com.apple.product-type.application";
		};
/* End PBXNativeTarget section */

/* Begin PBXProject section */
		60345CDB254306DB00E24BD4 /* Project object */ = {
			isa = PBXProject;
			attributes = {
				LastSwiftUpdateCheck = 1200;
				LastUpgradeCheck = 1200;
				TargetAttributes = {
					6073DFF62543463200AD06DA = {
						CreatedOnToolsVersion = 12.0.1;
					};
				};
			};
			buildConfigurationList = 60345CDE254306DB00E24BD4 /* Build configuration list for PBXProject "Loggie" */;
			compatibilityVersion = "Xcode 9.3";
			developmentRegion = en;
			hasScannedForEncodings = 0;
			knownRegions = (
				en,
				Base,
			);
			mainGroup = 60345CDA254306DB00E24BD4;
			productRefGroup = 60345CE5254306DB00E24BD4 /* Products */;
			projectDirPath = "";
			projectRoot = "";
			targets = (
				6073DFF62543463200AD06DA /* iOSExample */,
			);
		};
/* End PBXProject section */

/* Begin PBXResourcesBuildPhase section */
		6073DFF52543463200AD06DA /* Resources */ = {
			isa = PBXResourcesBuildPhase;
			buildActionMask = 2147483647;
			files = (
				60C28F842548681D00979EBE /* LogDetails.storyboard in Resources */,
				6073E0062543463300AD06DA /* LaunchScreen.storyboard in Resources */,
				6073E0032543463300AD06DA /* Assets.xcassets in Resources */,
				60C28F7E2548681D00979EBE /* LogListTableViewCell.xib in Resources */,
				6073E0012543463200AD06DA /* Main.storyboard in Resources */,
			);
			runOnlyForDeploymentPostprocessing = 0;
		};
/* End PBXResourcesBuildPhase section */

/* Begin PBXShellScriptBuildPhase section */
		060BF417B7E2FBC14D30B2C6 /* [CP] Embed Pods Frameworks */ = {
			isa = PBXShellScriptBuildPhase;
			buildActionMask = 2147483647;
			files = (
			);
			inputFileListPaths = (
				"${PODS_ROOT}/Target Support Files/Pods-iOSExample/Pods-iOSExample-frameworks-${CONFIGURATION}-input-files.xcfilelist",
			);
			name = "[CP] Embed Pods Frameworks";
			outputFileListPaths = (
				"${PODS_ROOT}/Target Support Files/Pods-iOSExample/Pods-iOSExample-frameworks-${CONFIGURATION}-output-files.xcfilelist",
			);
			runOnlyForDeploymentPostprocessing = 0;
			shellPath = /bin/sh;
			shellScript = "\"${PODS_ROOT}/Target Support Files/Pods-iOSExample/Pods-iOSExample-frameworks.sh\"\n";
			showEnvVarsInLog = 0;
		};
		3D1C1145912648569D77E9FA /* [CP] Check Pods Manifest.lock */ = {
			isa = PBXShellScriptBuildPhase;
			buildActionMask = 2147483647;
			files = (
			);
			inputFileListPaths = (
			);
			inputPaths = (
				"${PODS_PODFILE_DIR_PATH}/Podfile.lock",
				"${PODS_ROOT}/Manifest.lock",
			);
			name = "[CP] Check Pods Manifest.lock";
			outputFileListPaths = (
			);
			outputPaths = (
				"$(DERIVED_FILE_DIR)/Pods-iOSExample-checkManifestLockResult.txt",
			);
			runOnlyForDeploymentPostprocessing = 0;
			shellPath = /bin/sh;
			shellScript = "diff \"${PODS_PODFILE_DIR_PATH}/Podfile.lock\" \"${PODS_ROOT}/Manifest.lock\" > /dev/null\nif [ $? != 0 ] ; then\n    # print error to STDERR\n    echo \"error: The sandbox is not in sync with the Podfile.lock. Run 'pod install' or update your CocoaPods installation.\" >&2\n    exit 1\nfi\n# This output is used by Xcode 'outputs' to avoid re-running this script phase.\necho \"SUCCESS\" > \"${SCRIPT_OUTPUT_FILE_0}\"\n";
			showEnvVarsInLog = 0;
		};
/* End PBXShellScriptBuildPhase section */

/* Begin PBXSourcesBuildPhase section */
		6073DFF32543463200AD06DA /* Sources */ = {
			isa = PBXSourcesBuildPhase;
			buildActionMask = 2147483647;
			files = (
				60C28F862548681D00979EBE /* LogDetailsViewController.swift in Sources */,
				60C28F8C2548681D00979EBE /* URLRequest+Data.swift in Sources */,
				60C28F882548681D00979EBE /* Log+RequestDetails.swift in Sources */,
				60C28F8B2548681D00979EBE /* Data+FormattedJsonString.swift in Sources */,
				60C28F822548681D00979EBE /* LogDetailsTableViewCell.swift in Sources */,
				60C28F7A2548681D00979EBE /* DataDecoder.swift in Sources */,
				6073DFFA2543463200AD06DA /* AppDelegate.swift in Sources */,
				60C28F8D2548681D00979EBE /* LoggieURLProtocol.swift in Sources */,
				6073DFFC2543463200AD06DA /* SceneDelegate.swift in Sources */,
				60C28EE1254861F200979EBE /* BaseExampleViewController.swift in Sources */,
				60C28F7F2548681D00979EBE /* LogListTableViewController.swift in Sources */,
				60C28F832548681D00979EBE /* Log+ResponseDetails.swift in Sources */,
				60C28F802548681D00979EBE /* LogDetailsTextTableViewCell.swift in Sources */,
				60C28F852548681D00979EBE /* Log+OverviewDetails.swift in Sources */,
				60C28F8E2548681D00979EBE /* EventMonitor.swift in Sources */,
				60C28F7D2548681D00979EBE /* LogListTableViewCell.swift in Sources */,
				60C28F872548681D00979EBE /* LogDetailsSection.swift in Sources */,
				60C28F812548681D00979EBE /* LogDetailsImageTableViewCell.swift in Sources */,
				60C28ED52548617800979EBE /* URLSessionExampleViewController.swift in Sources */,
				60C28ECE2548610000979EBE /* AlamofireExampleViewController.swift in Sources */,
				60C28F7C2548681D00979EBE /* Log.swift in Sources */,
				60C28F7B2548681D00979EBE /* LoggieManager.swift in Sources */,
				60C28F8A2548681D00979EBE /* BundleExtensions.swift in Sources */,
			);
			runOnlyForDeploymentPostprocessing = 0;
		};
/* End PBXSourcesBuildPhase section */

/* Begin PBXVariantGroup section */
		6073DFFF2543463200AD06DA /* Main.storyboard */ = {
			isa = PBXVariantGroup;
			children = (
				6073E0002543463200AD06DA /* Base */,
			);
			name = Main.storyboard;
			sourceTree = "<group>";
		};
		6073E0042543463300AD06DA /* LaunchScreen.storyboard */ = {
			isa = PBXVariantGroup;
			children = (
				6073E0052543463300AD06DA /* Base */,
			);
			name = LaunchScreen.storyboard;
			sourceTree = "<group>";
		};
/* End PBXVariantGroup section */

/* Begin XCBuildConfiguration section */
		60345CF6254306DB00E24BD4 /* Debug */ = {
			isa = XCBuildConfiguration;
			buildSettings = {
				ALWAYS_SEARCH_USER_PATHS = NO;
				CLANG_ANALYZER_NONNULL = YES;
				CLANG_ANALYZER_NUMBER_OBJECT_CONVERSION = YES_AGGRESSIVE;
				CLANG_CXX_LANGUAGE_STANDARD = "gnu++14";
				CLANG_CXX_LIBRARY = "libc++";
				CLANG_ENABLE_MODULES = YES;
				CLANG_ENABLE_OBJC_ARC = YES;
				CLANG_ENABLE_OBJC_WEAK = YES;
				CLANG_WARN_BLOCK_CAPTURE_AUTORELEASING = YES;
				CLANG_WARN_BOOL_CONVERSION = YES;
				CLANG_WARN_COMMA = YES;
				CLANG_WARN_CONSTANT_CONVERSION = YES;
				CLANG_WARN_DEPRECATED_OBJC_IMPLEMENTATIONS = YES;
				CLANG_WARN_DIRECT_OBJC_ISA_USAGE = YES_ERROR;
				CLANG_WARN_DOCUMENTATION_COMMENTS = YES;
				CLANG_WARN_EMPTY_BODY = YES;
				CLANG_WARN_ENUM_CONVERSION = YES;
				CLANG_WARN_INFINITE_RECURSION = YES;
				CLANG_WARN_INT_CONVERSION = YES;
				CLANG_WARN_NON_LITERAL_NULL_CONVERSION = YES;
				CLANG_WARN_OBJC_IMPLICIT_RETAIN_SELF = YES;
				CLANG_WARN_OBJC_LITERAL_CONVERSION = YES;
				CLANG_WARN_OBJC_ROOT_CLASS = YES_ERROR;
				CLANG_WARN_QUOTED_INCLUDE_IN_FRAMEWORK_HEADER = YES;
				CLANG_WARN_RANGE_LOOP_ANALYSIS = YES;
				CLANG_WARN_STRICT_PROTOTYPES = YES;
				CLANG_WARN_SUSPICIOUS_MOVE = YES;
				CLANG_WARN_UNGUARDED_AVAILABILITY = YES_AGGRESSIVE;
				CLANG_WARN_UNREACHABLE_CODE = YES;
				CLANG_WARN__DUPLICATE_METHOD_MATCH = YES;
				COPY_PHASE_STRIP = NO;
				CURRENT_PROJECT_VERSION = 1;
				DEBUG_INFORMATION_FORMAT = dwarf;
				ENABLE_STRICT_OBJC_MSGSEND = YES;
				ENABLE_TESTABILITY = YES;
				GCC_C_LANGUAGE_STANDARD = gnu11;
				GCC_DYNAMIC_NO_PIC = NO;
				GCC_NO_COMMON_BLOCKS = YES;
				GCC_OPTIMIZATION_LEVEL = 0;
				GCC_PREPROCESSOR_DEFINITIONS = (
					"DEBUG=1",
					"$(inherited)",
				);
				GCC_WARN_64_TO_32_BIT_CONVERSION = YES;
				GCC_WARN_ABOUT_RETURN_TYPE = YES_ERROR;
				GCC_WARN_UNDECLARED_SELECTOR = YES;
				GCC_WARN_UNINITIALIZED_AUTOS = YES_AGGRESSIVE;
				GCC_WARN_UNUSED_FUNCTION = YES;
				GCC_WARN_UNUSED_VARIABLE = YES;
				IPHONEOS_DEPLOYMENT_TARGET = 14.0;
				MTL_ENABLE_DEBUG_INFO = INCLUDE_SOURCE;
				MTL_FAST_MATH = YES;
				ONLY_ACTIVE_ARCH = YES;
				SDKROOT = iphoneos;
				SWIFT_ACTIVE_COMPILATION_CONDITIONS = DEBUG;
				SWIFT_OPTIMIZATION_LEVEL = "-Onone";
				VERSIONING_SYSTEM = "apple-generic";
				VERSION_INFO_PREFIX = "";
			};
			name = Debug;
		};
		60345CF7254306DB00E24BD4 /* Release */ = {
			isa = XCBuildConfiguration;
			buildSettings = {
				ALWAYS_SEARCH_USER_PATHS = NO;
				CLANG_ANALYZER_NONNULL = YES;
				CLANG_ANALYZER_NUMBER_OBJECT_CONVERSION = YES_AGGRESSIVE;
				CLANG_CXX_LANGUAGE_STANDARD = "gnu++14";
				CLANG_CXX_LIBRARY = "libc++";
				CLANG_ENABLE_MODULES = YES;
				CLANG_ENABLE_OBJC_ARC = YES;
				CLANG_ENABLE_OBJC_WEAK = YES;
				CLANG_WARN_BLOCK_CAPTURE_AUTORELEASING = YES;
				CLANG_WARN_BOOL_CONVERSION = YES;
				CLANG_WARN_COMMA = YES;
				CLANG_WARN_CONSTANT_CONVERSION = YES;
				CLANG_WARN_DEPRECATED_OBJC_IMPLEMENTATIONS = YES;
				CLANG_WARN_DIRECT_OBJC_ISA_USAGE = YES_ERROR;
				CLANG_WARN_DOCUMENTATION_COMMENTS = YES;
				CLANG_WARN_EMPTY_BODY = YES;
				CLANG_WARN_ENUM_CONVERSION = YES;
				CLANG_WARN_INFINITE_RECURSION = YES;
				CLANG_WARN_INT_CONVERSION = YES;
				CLANG_WARN_NON_LITERAL_NULL_CONVERSION = YES;
				CLANG_WARN_OBJC_IMPLICIT_RETAIN_SELF = YES;
				CLANG_WARN_OBJC_LITERAL_CONVERSION = YES;
				CLANG_WARN_OBJC_ROOT_CLASS = YES_ERROR;
				CLANG_WARN_QUOTED_INCLUDE_IN_FRAMEWORK_HEADER = YES;
				CLANG_WARN_RANGE_LOOP_ANALYSIS = YES;
				CLANG_WARN_STRICT_PROTOTYPES = YES;
				CLANG_WARN_SUSPICIOUS_MOVE = YES;
				CLANG_WARN_UNGUARDED_AVAILABILITY = YES_AGGRESSIVE;
				CLANG_WARN_UNREACHABLE_CODE = YES;
				CLANG_WARN__DUPLICATE_METHOD_MATCH = YES;
				COPY_PHASE_STRIP = NO;
				CURRENT_PROJECT_VERSION = 1;
				DEBUG_INFORMATION_FORMAT = "dwarf-with-dsym";
				ENABLE_NS_ASSERTIONS = NO;
				ENABLE_STRICT_OBJC_MSGSEND = YES;
				GCC_C_LANGUAGE_STANDARD = gnu11;
				GCC_NO_COMMON_BLOCKS = YES;
				GCC_WARN_64_TO_32_BIT_CONVERSION = YES;
				GCC_WARN_ABOUT_RETURN_TYPE = YES_ERROR;
				GCC_WARN_UNDECLARED_SELECTOR = YES;
				GCC_WARN_UNINITIALIZED_AUTOS = YES_AGGRESSIVE;
				GCC_WARN_UNUSED_FUNCTION = YES;
				GCC_WARN_UNUSED_VARIABLE = YES;
				IPHONEOS_DEPLOYMENT_TARGET = 14.0;
				MTL_ENABLE_DEBUG_INFO = NO;
				MTL_FAST_MATH = YES;
				SDKROOT = iphoneos;
				SWIFT_COMPILATION_MODE = wholemodule;
				SWIFT_OPTIMIZATION_LEVEL = "-O";
				VALIDATE_PRODUCT = YES;
				VERSIONING_SYSTEM = "apple-generic";
				VERSION_INFO_PREFIX = "";
			};
			name = Release;
		};
		6073E0092543463300AD06DA /* Debug */ = {
			isa = XCBuildConfiguration;
			baseConfigurationReference = BEDEDB6DBF77C59D3AFC28F1 /* Pods-iOSExample.debug.xcconfig */;
			buildSettings = {
				ASSETCATALOG_COMPILER_APPICON_NAME = AppIcon;
				ASSETCATALOG_COMPILER_GLOBAL_ACCENT_COLOR_NAME = AccentColor;
				CODE_SIGN_STYLE = Automatic;
				INFOPLIST_FILE = iOSExample/Info.plist;
				LD_RUNPATH_SEARCH_PATHS = (
					"$(inherited)",
					"@executable_path/Frameworks",
				);
				PRODUCT_BUNDLE_IDENTIFIER = "com.infinum.loggie-ios-example";
				PRODUCT_NAME = "$(TARGET_NAME)";
				SWIFT_VERSION = 5.0;
				TARGETED_DEVICE_FAMILY = "1,2";
			};
			name = Debug;
		};
		6073E00A2543463300AD06DA /* Release */ = {
			isa = XCBuildConfiguration;
			baseConfigurationReference = F0DD33030211B2994EB6F992 /* Pods-iOSExample.release.xcconfig */;
			buildSettings = {
				ASSETCATALOG_COMPILER_APPICON_NAME = AppIcon;
				ASSETCATALOG_COMPILER_GLOBAL_ACCENT_COLOR_NAME = AccentColor;
				CODE_SIGN_STYLE = Automatic;
				INFOPLIST_FILE = iOSExample/Info.plist;
				LD_RUNPATH_SEARCH_PATHS = (
					"$(inherited)",
					"@executable_path/Frameworks",
				);
				PRODUCT_BUNDLE_IDENTIFIER = "com.infinum.loggie-ios-example";
				PRODUCT_NAME = "$(TARGET_NAME)";
				SWIFT_VERSION = 5.0;
				TARGETED_DEVICE_FAMILY = "1,2";
			};
			name = Release;
		};
/* End XCBuildConfiguration section */

/* Begin XCConfigurationList section */
		60345CDE254306DB00E24BD4 /* Build configuration list for PBXProject "Loggie" */ = {
			isa = XCConfigurationList;
			buildConfigurations = (
				60345CF6254306DB00E24BD4 /* Debug */,
				60345CF7254306DB00E24BD4 /* Release */,
			);
			defaultConfigurationIsVisible = 0;
			defaultConfigurationName = Release;
		};
		6073E0082543463300AD06DA /* Build configuration list for PBXNativeTarget "iOSExample" */ = {
			isa = XCConfigurationList;
			buildConfigurations = (
				6073E0092543463300AD06DA /* Debug */,
				6073E00A2543463300AD06DA /* Release */,
			);
			defaultConfigurationIsVisible = 0;
			defaultConfigurationName = Release;
		};
/* End XCConfigurationList section */
	};
	rootObject = 60345CDB254306DB00E24BD4 /* Project object */;
}
